
Microsoft Visual Studio Solution File, Format Version 12.00
# Visual Studio Version 16
VisualStudioVersion = 16.0.31829.152
MinimumVisualStudioVersion = 10.0.40219.1
Project("{FAE04EC0-301F-11D3-BF4B-00C04F79EFBC}") = "SDA2035_WPF_HW9", "SDA2035_WPF_HW9\SDA2035_WPF_HW9.csproj", "{C7FC7329-F0D2-447D-A093-50AA7104749D}"
EndProject
Global
	GlobalSection(SolutionConfigurationPlatforms) = preSolution
		Debug|Any CPU = Debug|Any CPU
		Release|Any CPU = Release|Any CPU
	EndGlobalSection
	GlobalSection(ProjectConfigurationPlatforms) = postSolution
		{C7FC7329-F0D2-447D-A093-50AA7104749D}.Debug|Any CPU.ActiveCfg = Debug|Any CPU
		{C7FC7329-F0D2-447D-A093-50AA7104749D}.Debug|Any CPU.Build.0 = Debug|Any CPU
		{C7FC7329-F0D2-447D-A093-50AA7104749D}.Release|Any CPU.ActiveCfg = Release|Any CPU
		{C7FC7329-F0D2-447D-A093-50AA7104749D}.Release|Any CPU.Build.0 = Release|Any CPU
	EndGlobalSection
	GlobalSection(SolutionProperties) = preSolution
		HideSolutionNode = FALSE
	EndGlobalSection
	GlobalSection(ExtensibilityGlobals) = postSolution
		SolutionGuid = {3F381F0E-7929-4FF1-8CC1-94A0C334475F}
	EndGlobalSection
EndGlobal
